
Microsoft Visual Studio Solution File, Format Version 12.00
# Visual Studio Version 17
VisualStudioVersion = 17.10.35013.160
MinimumVisualStudioVersion = 10.0.40219.1
Project("{FAE04EC0-301F-11D3-BF4B-00C04F79EFBC}") = "AgentsMVC", "AgentsMVC\AgentsMVC.csproj", "{B3909998-3EED-48A9-AA90-E97CE5827420}"
EndProject
Global
	GlobalSection(SolutionConfigurationPlatforms) = preSolution
		Debug|Any CPU = Debug|Any CPU
		Release|Any CPU = Release|Any CPU
	EndGlobalSection
	GlobalSection(ProjectConfigurationPlatforms) = postSolution
		{B3909998-3EED-48A9-AA90-E97CE5827420}.Debug|Any CPU.ActiveCfg = Debug|Any CPU
		{B3909998-3EED-48A9-AA90-E97CE5827420}.Debug|Any CPU.Build.0 = Debug|Any CPU
		{B3909998-3EED-48A9-AA90-E97CE5827420}.Release|Any CPU.ActiveCfg = Release|Any CPU
		{B3909998-3EED-48A9-AA90-E97CE5827420}.Release|Any CPU.Build.0 = Release|Any CPU
	EndGlobalSection
	GlobalSection(SolutionProperties) = preSolution
		HideSolutionNode = FALSE
	EndGlobalSection
	GlobalSection(ExtensibilityGlobals) = postSolution
		SolutionGuid = {2BF7E0DA-67EE-4D30-97AD-E648D5FBAF5C}
	EndGlobalSection
EndGlobal
